
Microsoft Visual Studio Solution File, Format Version 12.00
# Visual Studio Version 17
VisualStudioVersion = 17.9.34607.119
MinimumVisualStudioVersion = 10.0.40219.1
Project("{FAE04EC0-301F-11D3-BF4B-00C04F79EFBC}") = "Week10Lab", "Week10Lab\Week10Lab.csproj", "{651BCE1D-FCD4-4FAE-8CD8-CAD75A897C96}"
EndProject
Global
	GlobalSection(SolutionConfigurationPlatforms) = preSolution
		Debug|Any CPU = Debug|Any CPU
		Release|Any CPU = Release|Any CPU
	EndGlobalSection
	GlobalSection(ProjectConfigurationPlatforms) = postSolution
		{651BCE1D-FCD4-4FAE-8CD8-CAD75A897C96}.Debug|Any CPU.ActiveCfg = Debug|Any CPU
		{651BCE1D-FCD4-4FAE-8CD8-CAD75A897C96}.Debug|Any CPU.Build.0 = Debug|Any CPU
		{651BCE1D-FCD4-4FAE-8CD8-CAD75A897C96}.Release|Any CPU.ActiveCfg = Release|Any CPU
		{651BCE1D-FCD4-4FAE-8CD8-CAD75A897C96}.Release|Any CPU.Build.0 = Release|Any CPU
	EndGlobalSection
	GlobalSection(SolutionProperties) = preSolution
		HideSolutionNode = FALSE
	EndGlobalSection
	GlobalSection(ExtensibilityGlobals) = postSolution
		SolutionGuid = {BFCCDC96-A97F-430D-82F0-1D097C790D6C}
	EndGlobalSection
EndGlobal
